github.com/evanw/esbuild v0.14.43 h1:4WIYkAf2fLmru3KYtKUB6mdBl4dgpoVcq7hqXhXGVG0=
github.com/evanw/esbuild v0.14.43/go.mod h1:GG+zjdi59yh3ehDn4ZWfPcATxjPDUH53iU4ZJbp7dkY=
github.com/gorilla/mux v1.8.0 h1:i40aqfkR1h2SlN9hojwV5ZA91wcXFOvkdNIeFDP5koI=
github.com/gorilla/mux v1.8.0/go.mod h1:DVbg23sWSpFRCP0SfiEN6jmj59UnW/n46BH5rLB71So=
golang.org/x/sys v0.0.0-20210908233432-aa78b53d3365/go.mod h1:oPkhp1MJrh7nUepCBck5+mAzfO9JrbApNNgaTdGDITg=
golang.org/x/sys v0.0.0-20220610221304-9f5ed59c137d h1:Zu/JngovGLVi6t2J3nmAf3AoTDwuzw85YZ3b9o4yU7s=
golang.org/x/sys v0.0.0-20220610221304-9f5ed59c137d/go.mod h1:oPkhp1MJrh7nUepCBck5+mAzfO9JrbApNNgaTdGDITg=
rogchap.com/v8go v0.7.0 h1:kgjbiO4zE5itA962ze6Hqmbs4HgZbGzmueCXsZtremg=
rogchap.com/v8go v0.7.0/go.mod h1:MxgP3pL2MW4dpme/72QRs8sgNMmM0pRc8DPhcuLWPAs=
